
Microsoft Visual Studio Solution File, Format Version 12.00
Project("{FAE04EC0-301F-11D3-BF4B-00C04F79EFBC}") = "PopulaDbWorker", "PopulaDbWorker\PopulaDbWorker.csproj", "{26D62EB7-E01F-40DD-A24B-EAC186D488A5}"
EndProject
Project("{FAE04EC0-301F-11D3-BF4B-00C04F79EFBC}") = "PopulaDbWorker.Tests", "..\..\tests\PopulaDbWorker.Tests\PopulaDbWorker.Tests\PopulaDbWorker.Tests.csproj", "{1B5BA518-F9F1-4F3D-B904-73DD853D1D5A}"
EndProject
Global
	GlobalSection(SolutionConfigurationPlatforms) = preSolution
		Debug|Any CPU = Debug|Any CPU
		Debug|x64 = Debug|x64
		Debug|x86 = Debug|x86
		Release|Any CPU = Release|Any CPU
		Release|x64 = Release|x64
		Release|x86 = Release|x86
	EndGlobalSection
	GlobalSection(ProjectConfigurationPlatforms) = postSolution
		{26D62EB7-E01F-40DD-A24B-EAC186D488A5}.Debug|Any CPU.ActiveCfg = Debug|Any CPU
		{26D62EB7-E01F-40DD-A24B-EAC186D488A5}.Debug|Any CPU.Build.0 = Debug|Any CPU
		{26D62EB7-E01F-40DD-A24B-EAC186D488A5}.Debug|x64.ActiveCfg = Debug|Any CPU
		{26D62EB7-E01F-40DD-A24B-EAC186D488A5}.Debug|x64.Build.0 = Debug|Any CPU
		{26D62EB7-E01F-40DD-A24B-EAC186D488A5}.Debug|x86.ActiveCfg = Debug|Any CPU
		{26D62EB7-E01F-40DD-A24B-EAC186D488A5}.Debug|x86.Build.0 = Debug|Any CPU
		{26D62EB7-E01F-40DD-A24B-EAC186D488A5}.Release|Any CPU.ActiveCfg = Release|Any CPU
		{26D62EB7-E01F-40DD-A24B-EAC186D488A5}.Release|Any CPU.Build.0 = Release|Any CPU
		{26D62EB7-E01F-40DD-A24B-EAC186D488A5}.Release|x64.ActiveCfg = Release|Any CPU
		{26D62EB7-E01F-40DD-A24B-EAC186D488A5}.Release|x64.Build.0 = Release|Any CPU
		{26D62EB7-E01F-40DD-A24B-EAC186D488A5}.Release|x86.ActiveCfg = Release|Any CPU
		{26D62EB7-E01F-40DD-A24B-EAC186D488A5}.Release|x86.Build.0 = Release|Any CPU
		{1B5BA518-F9F1-4F3D-B904-73DD853D1D5A}.Debug|Any CPU.ActiveCfg = Debug|Any CPU
		{1B5BA518-F9F1-4F3D-B904-73DD853D1D5A}.Debug|Any CPU.Build.0 = Debug|Any CPU
		{1B5BA518-F9F1-4F3D-B904-73DD853D1D5A}.Debug|x64.ActiveCfg = Debug|Any CPU
		{1B5BA518-F9F1-4F3D-B904-73DD853D1D5A}.Debug|x64.Build.0 = Debug|Any CPU
		{1B5BA518-F9F1-4F3D-B904-73DD853D1D5A}.Debug|x86.ActiveCfg = Debug|Any CPU
		{1B5BA518-F9F1-4F3D-B904-73DD853D1D5A}.Debug|x86.Build.0 = Debug|Any CPU
		{1B5BA518-F9F1-4F3D-B904-73DD853D1D5A}.Release|Any CPU.ActiveCfg = Release|Any CPU
		{1B5BA518-F9F1-4F3D-B904-73DD853D1D5A}.Release|Any CPU.Build.0 = Release|Any CPU
		{1B5BA518-F9F1-4F3D-B904-73DD853D1D5A}.Release|x64.ActiveCfg = Release|Any CPU
		{1B5BA518-F9F1-4F3D-B904-73DD853D1D5A}.Release|x64.Build.0 = Release|Any CPU
		{1B5BA518-F9F1-4F3D-B904-73DD853D1D5A}.Release|x86.ActiveCfg = Release|Any CPU
		{1B5BA518-F9F1-4F3D-B904-73DD853D1D5A}.Release|x86.Build.0 = Release|Any CPU
	EndGlobalSection
	GlobalSection(SolutionProperties) = preSolution
		HideSolutionNode = FALSE
	EndGlobalSection
	GlobalSection(NestedProjects) = preSolution
	EndGlobalSection
EndGlobal
