
Microsoft Visual Studio Solution File, Format Version 12.00
Project("{FAE04EC0-301F-11D3-BF4B-00C04F79EFBC}") = "BarCode.Infrastructure.Tests", "BarCode.Infrastructure.Tests\BarCode.Infrastructure.Tests.csproj", "{55CFCB46-2441-44F8-B180-24B760F80FCB}"
EndProject
Global
	GlobalSection(SolutionConfigurationPlatforms) = preSolution
		Debug|Any CPU = Debug|Any CPU
		Release|Any CPU = Release|Any CPU
	EndGlobalSection
	GlobalSection(ProjectConfigurationPlatforms) = postSolution
		{55CFCB46-2441-44F8-B180-24B760F80FCB}.Debug|Any CPU.ActiveCfg = Debug|Any CPU
		{55CFCB46-2441-44F8-B180-24B760F80FCB}.Debug|Any CPU.Build.0 = Debug|Any CPU
		{55CFCB46-2441-44F8-B180-24B760F80FCB}.Release|Any CPU.ActiveCfg = Release|Any CPU
		{55CFCB46-2441-44F8-B180-24B760F80FCB}.Release|Any CPU.Build.0 = Release|Any CPU
	EndGlobalSection
EndGlobal
